
Microsoft Visual Studio Solution File, Format Version 12.00
# Visual Studio Version 16
VisualStudioVersion = 16.0.29215.179
MinimumVisualStudioVersion = 10.0.40219.1
Project("{FAE04EC0-301F-11D3-BF4B-00C04F79EFBC}") = "Tasks", "NET.S.2020.06\Tasks.csproj", "{ED5D0322-3AE6-43F5-8F2E-584ACC2EB25F}"
EndProject
Project("{FAE04EC0-301F-11D3-BF4B-00C04F79EFBC}") = "NET.S.2020.06.UnitTests", "NET.S.2020.06.UnitTests\NET.S.2020.06.UnitTests.csproj", "{393CB22E-3371-4993-A268-7E7F833FEC7C}"
EndProject
Global
	GlobalSection(SolutionConfigurationPlatforms) = preSolution
		Debug|Any CPU = Debug|Any CPU
		Release|Any CPU = Release|Any CPU
	EndGlobalSection
	GlobalSection(ProjectConfigurationPlatforms) = postSolution
		{ED5D0322-3AE6-43F5-8F2E-584ACC2EB25F}.Debug|Any CPU.ActiveCfg = Debug|Any CPU
		{ED5D0322-3AE6-43F5-8F2E-584ACC2EB25F}.Debug|Any CPU.Build.0 = Debug|Any CPU
		{ED5D0322-3AE6-43F5-8F2E-584ACC2EB25F}.Release|Any CPU.ActiveCfg = Release|Any CPU
		{ED5D0322-3AE6-43F5-8F2E-584ACC2EB25F}.Release|Any CPU.Build.0 = Release|Any CPU
		{393CB22E-3371-4993-A268-7E7F833FEC7C}.Debug|Any CPU.ActiveCfg = Debug|Any CPU
		{393CB22E-3371-4993-A268-7E7F833FEC7C}.Debug|Any CPU.Build.0 = Debug|Any CPU
		{393CB22E-3371-4993-A268-7E7F833FEC7C}.Release|Any CPU.ActiveCfg = Release|Any CPU
		{393CB22E-3371-4993-A268-7E7F833FEC7C}.Release|Any CPU.Build.0 = Release|Any CPU
	EndGlobalSection
	GlobalSection(SolutionProperties) = preSolution
		HideSolutionNode = FALSE
	EndGlobalSection
	GlobalSection(ExtensibilityGlobals) = postSolution
		SolutionGuid = {A39F73FA-2DEC-487D-93AC-2A1C3CD1E934}
	EndGlobalSection
EndGlobal
