
Microsoft Visual Studio Solution File, Format Version 12.00
# Visual Studio Version 16
VisualStudioVersion = 16.0.29215.179
MinimumVisualStudioVersion = 10.0.40219.1
Project("{FAE04EC0-301F-11D3-BF4B-00C04F79EFBC}") = "NET.S.2020.02", "NET.S.2020.02.csproj", "{F01B19F6-0DEA-4EE5-9879-E818B6597C47}"
EndProject
Project("{FAE04EC0-301F-11D3-BF4B-00C04F79EFBC}") = "NET.S.2020.02.MSTest", "..\NET.S.2020.02.MSTest\NET.S.2020.02.MSTest.csproj", "{9B80021C-5244-4726-A3B4-9CC6B59A658D}"
EndProject
Global
	GlobalSection(SolutionConfigurationPlatforms) = preSolution
		Debug|Any CPU = Debug|Any CPU
		Release|Any CPU = Release|Any CPU
	EndGlobalSection
	GlobalSection(ProjectConfigurationPlatforms) = postSolution
		{F01B19F6-0DEA-4EE5-9879-E818B6597C47}.Debug|Any CPU.ActiveCfg = Debug|Any CPU
		{F01B19F6-0DEA-4EE5-9879-E818B6597C47}.Debug|Any CPU.Build.0 = Debug|Any CPU
		{F01B19F6-0DEA-4EE5-9879-E818B6597C47}.Release|Any CPU.ActiveCfg = Release|Any CPU
		{F01B19F6-0DEA-4EE5-9879-E818B6597C47}.Release|Any CPU.Build.0 = Release|Any CPU
		{9B80021C-5244-4726-A3B4-9CC6B59A658D}.Debug|Any CPU.ActiveCfg = Debug|Any CPU
		{9B80021C-5244-4726-A3B4-9CC6B59A658D}.Debug|Any CPU.Build.0 = Debug|Any CPU
		{9B80021C-5244-4726-A3B4-9CC6B59A658D}.Release|Any CPU.ActiveCfg = Release|Any CPU
		{9B80021C-5244-4726-A3B4-9CC6B59A658D}.Release|Any CPU.Build.0 = Release|Any CPU
	EndGlobalSection
	GlobalSection(SolutionProperties) = preSolution
		HideSolutionNode = FALSE
	EndGlobalSection
	GlobalSection(ExtensibilityGlobals) = postSolution
		SolutionGuid = {8C19CBC5-84C3-4420-8018-984FB9BED222}
	EndGlobalSection
EndGlobal
